
Microsoft Visual Studio Solution File, Format Version 12.00
# Visual Studio 15
VisualStudioVersion = 15.0.28010.2048
MinimumVisualStudioVersion = 10.0.40219.1
Project("{8BC9CEB8-8B4A-11D0-8D11-00A0C91BC942}") = "anagrams", "anagrams.vcxproj", "{74A6E80D-AA46-4BFE-8DF9-C5646E7AC306}"
EndProject
Global
	GlobalSection(SolutionConfigurationPlatforms) = preSolution
		Debug|x64 = Debug|x64
		Debug|x86 = Debug|x86
		Release|x64 = Release|x64
		Release|x86 = Release|x86
	EndGlobalSection
	GlobalSection(ProjectConfigurationPlatforms) = postSolution
		{74A6E80D-AA46-4BFE-8DF9-C5646E7AC306}.Debug|x64.ActiveCfg = Debug|x64
		{74A6E80D-AA46-4BFE-8DF9-C5646E7AC306}.Debug|x64.Build.0 = Debug|x64
		{74A6E80D-AA46-4BFE-8DF9-C5646E7AC306}.Debug|x86.ActiveCfg = Debug|Win32
		{74A6E80D-AA46-4BFE-8DF9-C5646E7AC306}.Debug|x86.Build.0 = Debug|Win32
		{74A6E80D-AA46-4BFE-8DF9-C5646E7AC306}.Release|x64.ActiveCfg = Release|x64
		{74A6E80D-AA46-4BFE-8DF9-C5646E7AC306}.Release|x64.Build.0 = Release|x64
		{74A6E80D-AA46-4BFE-8DF9-C5646E7AC306}.Release|x86.ActiveCfg = Release|Win32
		{74A6E80D-AA46-4BFE-8DF9-C5646E7AC306}.Release|x86.Build.0 = Release|Win32
	EndGlobalSection
	GlobalSection(SolutionProperties) = preSolution
		HideSolutionNode = FALSE
	EndGlobalSection
	GlobalSection(ExtensibilityGlobals) = postSolution
		SolutionGuid = {FEB6A942-2F8B-4949-A106-BE7F078F2649}
	EndGlobalSection
EndGlobal
